// !$*UTF8*$!
{
	archiveVersion = 1;
	classes = {
	};
	objectVersion = 56;
	objects = {

/* Begin PBXBuildFile section */
		3C30B8312C09968B001D2B23 /* EncryptorWrapper.mm in Sources */ = {isa = PBXBuildFile; fileRef = 3C30B8302C09968B001D2B23 /* EncryptorWrapper.mm */; };
		3C30B8332C09981C001D2B23 /* Encryptor.mm in Sources */ = {isa = PBXBuildFile; fileRef = 3C30B8322C09981C001D2B23 /* Encryptor.mm */; };
		3CBC62A62C0981BB00B64F99 /* AppDelegate.swift in Sources */ = {isa = PBXBuildFile; fileRef = 3CBC62A52C0981BB00B64F99 /* AppDelegate.swift */; };
		3CBC62A82C0981BB00B64F99 /* SceneDelegate.swift in Sources */ = {isa = PBXBuildFile; fileRef = 3CBC62A72C0981BB00B64F99 /* SceneDelegate.swift */; };
		3CBC62AF2C0981BD00B64F99 /* Assets.xcassets in Resources */ = {isa = PBXBuildFile; fileRef = 3CBC62AE2C0981BD00B64F99 /* Assets.xcassets */; };
		3CBC62B22C0981BD00B64F99 /* Base in Resources */ = {isa = PBXBuildFile; fileRef = 3CBC62B12C0981BD00B64F99 /* Base */; };
		3CBC62BA2C09821800B64F99 /* MainViewController.swift in Sources */ = {isa = PBXBuildFile; fileRef = 3CBC62B92C09821800B64F99 /* MainViewController.swift */; };
		3CBC62BC2C09822000B64F99 /* VoteViewController.swift in Sources */ = {isa = PBXBuildFile; fileRef = 3CBC62BB2C09822000B64F99 /* VoteViewController.swift */; };
		3CBC62BE2C09822700B64F99 /* ResultViewController.swift in Sources */ = {isa = PBXBuildFile; fileRef = 3CBC62BD2C09822700B64F99 /* ResultViewController.swift */; };
		3CE53BCD2C099DF100855DC7 /* HEAAN in Frameworks */ = {isa = PBXBuildFile; fileRef = 3CE53BCC2C099DF100855DC7 /* HEAAN */; };
/* End PBXBuildFile section */

/* Begin PBXFileReference section */
		3C30B82E2C09964E001D2B23 /* EncryptorWrapper.h */ = {isa = PBXFileReference; lastKnownFileType = sourcecode.c.h; path = EncryptorWrapper.h; sourceTree = "<group>"; };
		3C30B82F2C09968B001D2B23 /* IS_Project_VoteApp-Bridging-Header.h */ = {isa = PBXFileReference; lastKnownFileType = sourcecode.c.h; path = "IS_Project_VoteApp-Bridging-Header.h"; sourceTree = "<group>"; };
		3C30B8302C09968B001D2B23 /* EncryptorWrapper.mm */ = {isa = PBXFileReference; lastKnownFileType = sourcecode.cpp.objcpp; path = EncryptorWrapper.mm; sourceTree = "<group>"; };
		3C30B8322C09981C001D2B23 /* Encryptor.mm */ = {isa = PBXFileReference; lastKnownFileType = sourcecode.cpp.objcpp; path = Encryptor.mm; sourceTree = "<group>"; };
		3C90D7422C09900700185F88 /* Encryptor.h */ = {isa = PBXFileReference; lastKnownFileType = sourcecode.c.h; path = Encryptor.h; sourceTree = "<group>"; };
		3CBC62A22C0981BB00B64F99 /* IS_Project_VoteApp.app */ = {isa = PBXFileReference; explicitFileType = wrapper.application; includeInIndex = 0; path = IS_Project_VoteApp.app; sourceTree = BUILT_PRODUCTS_DIR; };
		3CBC62A52C0981BB00B64F99 /* AppDelegate.swift */ = {isa = PBXFileReference; lastKnownFileType = sourcecode.swift; path = AppDelegate.swift; sourceTree = "<group>"; };
		3CBC62A72C0981BB00B64F99 /* SceneDelegate.swift */ = {isa = PBXFileReference; lastKnownFileType = sourcecode.swift; path = SceneDelegate.swift; sourceTree = "<group>"; };
		3CBC62AE2C0981BD00B64F99 /* Assets.xcassets */ = {isa = PBXFileReference; lastKnownFileType = folder.assetcatalog; path = Assets.xcassets; sourceTree = "<group>"; };
		3CBC62B12C0981BD00B64F99 /* Base */ = {isa = PBXFileReference; lastKnownFileType = file.storyboard; name = Base; path = Base.lproj/LaunchScreen.storyboard; sourceTree = "<group>"; };
		3CBC62B32C0981BE00B64F99 /* Info.plist */ = {isa = PBXFileReference; lastKnownFileType = text.plist.xml; path = Info.plist; sourceTree = "<group>"; };
		3CBC62B92C09821800B64F99 /* MainViewController.swift */ = {isa = PBXFileReference; lastKnownFileType = sourcecode.swift; path = MainViewController.swift; sourceTree = "<group>"; };
		3CBC62BB2C09822000B64F99 /* VoteViewController.swift */ = {isa = PBXFileReference; lastKnownFileType = sourcecode.swift; path = VoteViewController.swift; sourceTree = "<group>"; };
		3CBC62BD2C09822700B64F99 /* ResultViewController.swift */ = {isa = PBXFileReference; lastKnownFileType = sourcecode.swift; path = ResultViewController.swift; sourceTree = "<group>"; };
		3CE53BCC2C099DF100855DC7 /* HEAAN */ = {isa = PBXFileReference; lastKnownFileType = folder; name = HEAAN; path = IS_Project_VoteApp/HEAAN; sourceTree = "<group>"; };
/* End PBXFileReference section */

/* Begin PBXFrameworksBuildPhase section */
		3CBC629F2C0981BB00B64F99 /* Frameworks */ = {
			isa = PBXFrameworksBuildPhase;
			buildActionMask = 2147483647;
			files = (
				3CE53BCD2C099DF100855DC7 /* HEAAN in Frameworks */,
			);
			runOnlyForDeploymentPostprocessing = 0;
		};
/* End PBXFrameworksBuildPhase section */

/* Begin PBXGroup section */
		3CBC62992C0981BB00B64F99 = {
			isa = PBXGroup;
			children = (
				3CBC62A42C0981BB00B64F99 /* IS_Project_VoteApp */,
				3CBC62A32C0981BB00B64F99 /* Products */,
				3CE53BCB2C099DF100855DC7 /* Frameworks */,
			);
			sourceTree = "<group>";
		};
		3CBC62A32C0981BB00B64F99 /* Products */ = {
			isa = PBXGroup;
			children = (
				3CBC62A22C0981BB00B64F99 /* IS_Project_VoteApp.app */,
			);
			name = Products;
			sourceTree = "<group>";
		};
		3CBC62A42C0981BB00B64F99 /* IS_Project_VoteApp */ = {
			isa = PBXGroup;
			children = (
				3CBC62A52C0981BB00B64F99 /* AppDelegate.swift */,
				3CBC62A72C0981BB00B64F99 /* SceneDelegate.swift */,
				3CBC62B92C09821800B64F99 /* MainViewController.swift */,
				3CBC62BB2C09822000B64F99 /* VoteViewController.swift */,
				3CBC62BD2C09822700B64F99 /* ResultViewController.swift */,
				3CBC62AE2C0981BD00B64F99 /* Assets.xcassets */,
				3CBC62B02C0981BD00B64F99 /* LaunchScreen.storyboard */,
				3CBC62B32C0981BE00B64F99 /* Info.plist */,
				3C30B82E2C09964E001D2B23 /* EncryptorWrapper.h */,
				3C30B8302C09968B001D2B23 /* EncryptorWrapper.mm */,
				3C30B82F2C09968B001D2B23 /* IS_Project_VoteApp-Bridging-Header.h */,
				3C90D7422C09900700185F88 /* Encryptor.h */,
				3C30B8322C09981C001D2B23 /* Encryptor.mm */,
			);
			path = IS_Project_VoteApp;
			sourceTree = "<group>";
		};
		3CE53BCB2C099DF100855DC7 /* Frameworks */ = {
			isa = PBXGroup;
			children = (
				3CE53BCC2C099DF100855DC7 /* HEAAN */,
			);
			name = Frameworks;
			sourceTree = "<group>";
		};
/* End PBXGroup section */

/* Begin PBXNativeTarget section */
		3CBC62A12C0981BB00B64F99 /* IS_Project_VoteApp */ = {
			isa = PBXNativeTarget;
			buildConfigurationList = 3CBC62B62C0981BE00B64F99 /* Build configuration list for PBXNativeTarget "IS_Project_VoteApp" */;
			buildPhases = (
				3CBC629E2C0981BB00B64F99 /* Sources */,
				3CBC629F2C0981BB00B64F99 /* Frameworks */,
				3CBC62A02C0981BB00B64F99 /* Resources */,
			);
			buildRules = (
			);
			dependencies = (
			);
			name = IS_Project_VoteApp;
			productName = IS_Project_VoteApp;
			productReference = 3CBC62A22C0981BB00B64F99 /* IS_Project_VoteApp.app */;
			productType = "com.apple.product-type.application";
		};
/* End PBXNativeTarget section */

/* Begin PBXProject section */
		3CBC629A2C0981BB00B64F99 /* Project object */ = {
			isa = PBXProject;
			attributes = {
				BuildIndependentTargetsInParallel = 1;
				LastSwiftUpdateCheck = 1530;
				LastUpgradeCheck = 1530;
				TargetAttributes = {
					3CBC62A12C0981BB00B64F99 = {
						CreatedOnToolsVersion = 15.3;
						LastSwiftMigration = 1530;
					};
				};
			};
			buildConfigurationList = 3CBC629D2C0981BB00B64F99 /* Build configuration list for PBXProject "IS_Project_VoteApp" */;
			compatibilityVersion = "Xcode 14.0";
			developmentRegion = en;
			hasScannedForEncodings = 0;
			knownRegions = (
				en,
				Base,
			);
			mainGroup = 3CBC62992C0981BB00B64F99;
			productRefGroup = 3CBC62A32C0981BB00B64F99 /* Products */;
			projectDirPath = "";
			projectRoot = "";
			targets = (
				3CBC62A12C0981BB00B64F99 /* IS_Project_VoteApp */,
			);
		};
/* End PBXProject section */

/* Begin PBXResourcesBuildPhase section */
		3CBC62A02C0981BB00B64F99 /* Resources */ = {
			isa = PBXResourcesBuildPhase;
			buildActionMask = 2147483647;
			files = (
				3CBC62AF2C0981BD00B64F99 /* Assets.xcassets in Resources */,
				3CBC62B22C0981BD00B64F99 /* Base in Resources */,
			);
			runOnlyForDeploymentPostprocessing = 0;
		};
/* End PBXResourcesBuildPhase section */

/* Begin PBXSourcesBuildPhase section */
		3CBC629E2C0981BB00B64F99 /* Sources */ = {
			isa = PBXSourcesBuildPhase;
			buildActionMask = 2147483647;
			files = (
				3CBC62A62C0981BB00B64F99 /* AppDelegate.swift in Sources */,
				3CBC62BC2C09822000B64F99 /* VoteViewController.swift in Sources */,
				3CBC62A82C0981BB00B64F99 /* SceneDelegate.swift in Sources */,
				3CBC62BA2C09821800B64F99 /* MainViewController.swift in Sources */,
				3C30B8312C09968B001D2B23 /* EncryptorWrapper.mm in Sources */,
				3C30B8332C09981C001D2B23 /* Encryptor.mm in Sources */,
				3CBC62BE2C09822700B64F99 /* ResultViewController.swift in Sources */,
			);
			runOnlyForDeploymentPostprocessing = 0;
		};
/* End PBXSourcesBuildPhase section */

/* Begin PBXVariantGroup section */
		3CBC62B02C0981BD00B64F99 /* LaunchScreen.storyboard */ = {
			isa = PBXVariantGroup;
			children = (
				3CBC62B12C0981BD00B64F99 /* Base */,
			);
			name = LaunchScreen.storyboard;
			sourceTree = "<group>";
		};
/* End PBXVariantGroup section */

/* Begin XCBuildConfiguration section */
		3CBC62B42C0981BE00B64F99 /* Debug */ = {
			isa = XCBuildConfiguration;
			buildSettings = {
				ALWAYS_SEARCH_USER_PATHS = NO;
				ASSETCATALOG_COMPILER_GENERATE_SWIFT_ASSET_SYMBOL_EXTENSIONS = YES;
				CLANG_ANALYZER_NONNULL = YES;
				CLANG_ANALYZER_NUMBER_OBJECT_CONVERSION = YES_AGGRESSIVE;
				CLANG_CXX_LANGUAGE_STANDARD = "gnu++20";
				CLANG_ENABLE_MODULES = YES;
				CLANG_ENABLE_OBJC_ARC = YES;
				CLANG_ENABLE_OBJC_WEAK = YES;
				CLANG_WARN_BLOCK_CAPTURE_AUTORELEASING = YES;
				CLANG_WARN_BOOL_CONVERSION = YES;
				CLANG_WARN_COMMA = YES;
				CLANG_WARN_CONSTANT_CONVERSION = YES;
				CLANG_WARN_DEPRECATED_OBJC_IMPLEMENTATIONS = YES;
				CLANG_WARN_DIRECT_OBJC_ISA_USAGE = YES_ERROR;
				CLANG_WARN_DOCUMENTATION_COMMENTS = YES;
				CLANG_WARN_EMPTY_BODY = YES;
				CLANG_WARN_ENUM_CONVERSION = YES;
				CLANG_WARN_INFINITE_RECURSION = YES;
				CLANG_WARN_INT_CONVERSION = YES;
				CLANG_WARN_NON_LITERAL_NULL_CONVERSION = YES;
				CLANG_WARN_OBJC_IMPLICIT_RETAIN_SELF = YES;
				CLANG_WARN_OBJC_LITERAL_CONVERSION = YES;
				CLANG_WARN_OBJC_ROOT_CLASS = YES_ERROR;
				CLANG_WARN_QUOTED_INCLUDE_IN_FRAMEWORK_HEADER = YES;
				CLANG_WARN_RANGE_LOOP_ANALYSIS = YES;
				CLANG_WARN_STRICT_PROTOTYPES = YES;
				CLANG_WARN_SUSPICIOUS_MOVE = YES;
				CLANG_WARN_UNGUARDED_AVAILABILITY = YES_AGGRESSIVE;
				CLANG_WARN_UNREACHABLE_CODE = YES;
				CLANG_WARN__DUPLICATE_METHOD_MATCH = YES;
				COPY_PHASE_STRIP = NO;
				DEBUG_INFORMATION_FORMAT = dwarf;
				ENABLE_STRICT_OBJC_MSGSEND = YES;
				ENABLE_TESTABILITY = YES;
				ENABLE_USER_SCRIPT_SANDBOXING = YES;
				GCC_C_LANGUAGE_STANDARD = gnu17;
				GCC_DYNAMIC_NO_PIC = NO;
				GCC_NO_COMMON_BLOCKS = YES;
				GCC_OPTIMIZATION_LEVEL = 0;
				GCC_PREPROCESSOR_DEFINITIONS = (
					"DEBUG=1",
					"$(inherited)",
				);
				GCC_WARN_64_TO_32_BIT_CONVERSION = YES;
				GCC_WARN_ABOUT_RETURN_TYPE = YES_ERROR;
				GCC_WARN_UNDECLARED_SELECTOR = YES;
				GCC_WARN_UNINITIALIZED_AUTOS = YES_AGGRESSIVE;
				GCC_WARN_UNUSED_FUNCTION = YES;
				GCC_WARN_UNUSED_VARIABLE = YES;
				IPHONEOS_DEPLOYMENT_TARGET = 17.4;
				LOCALIZATION_PREFERS_STRING_CATALOGS = YES;
				MTL_ENABLE_DEBUG_INFO = INCLUDE_SOURCE;
				MTL_FAST_MATH = YES;
				ONLY_ACTIVE_ARCH = YES;
				SDKROOT = iphoneos;
				SWIFT_ACTIVE_COMPILATION_CONDITIONS = "DEBUG $(inherited)";
				SWIFT_OPTIMIZATION_LEVEL = "-Onone";
			};
			name = Debug;
		};
		3CBC62B52C0981BE00B64F99 /* Release */ = {
			isa = XCBuildConfiguration;
			buildSettings = {
				ALWAYS_SEARCH_USER_PATHS = NO;
				ASSETCATALOG_COMPILER_GENERATE_SWIFT_ASSET_SYMBOL_EXTENSIONS = YES;
				CLANG_ANALYZER_NONNULL = YES;
				CLANG_ANALYZER_NUMBER_OBJECT_CONVERSION = YES_AGGRESSIVE;
				CLANG_CXX_LANGUAGE_STANDARD = "gnu++20";
				CLANG_ENABLE_MODULES = YES;
				CLANG_ENABLE_OBJC_ARC = YES;
				CLANG_ENABLE_OBJC_WEAK = YES;
				CLANG_WARN_BLOCK_CAPTURE_AUTORELEASING = YES;
				CLANG_WARN_BOOL_CONVERSION = YES;
				CLANG_WARN_COMMA = YES;
				CLANG_WARN_CONSTANT_CONVERSION = YES;
				CLANG_WARN_DEPRECATED_OBJC_IMPLEMENTATIONS = YES;
				CLANG_WARN_DIRECT_OBJC_ISA_USAGE = YES_ERROR;
				CLANG_WARN_DOCUMENTATION_COMMENTS = YES;
				CLANG_WARN_EMPTY_BODY = YES;
				CLANG_WARN_ENUM_CONVERSION = YES;
				CLANG_WARN_INFINITE_RECURSION = YES;
				CLANG_WARN_INT_CONVERSION = YES;
				CLANG_WARN_NON_LITERAL_NULL_CONVERSION = YES;
				CLANG_WARN_OBJC_IMPLICIT_RETAIN_SELF = YES;
				CLANG_WARN_OBJC_LITERAL_CONVERSION = YES;
				CLANG_WARN_OBJC_ROOT_CLASS = YES_ERROR;
				CLANG_WARN_QUOTED_INCLUDE_IN_FRAMEWORK_HEADER = YES;
				CLANG_WARN_RANGE_LOOP_ANALYSIS = YES;
				CLANG_WARN_STRICT_PROTOTYPES = YES;
				CLANG_WARN_SUSPICIOUS_MOVE = YES;
				CLANG_WARN_UNGUARDED_AVAILABILITY = YES_AGGRESSIVE;
				CLANG_WARN_UNREACHABLE_CODE = YES;
				CLANG_WARN__DUPLICATE_METHOD_MATCH = YES;
				COPY_PHASE_STRIP = NO;
				DEBUG_INFORMATION_FORMAT = "dwarf-with-dsym";
				ENABLE_NS_ASSERTIONS = NO;
				ENABLE_STRICT_OBJC_MSGSEND = YES;
				ENABLE_USER_SCRIPT_SANDBOXING = YES;
				GCC_C_LANGUAGE_STANDARD = gnu17;
				GCC_NO_COMMON_BLOCKS = YES;
				GCC_WARN_64_TO_32_BIT_CONVERSION = YES;
				GCC_WARN_ABOUT_RETURN_TYPE = YES_ERROR;
				GCC_WARN_UNDECLARED_SELECTOR = YES;
				GCC_WARN_UNINITIALIZED_AUTOS = YES_AGGRESSIVE;
				GCC_WARN_UNUSED_FUNCTION = YES;
				GCC_WARN_UNUSED_VARIABLE = YES;
				IPHONEOS_DEPLOYMENT_TARGET = 17.4;
				LOCALIZATION_PREFERS_STRING_CATALOGS = YES;
				MTL_ENABLE_DEBUG_INFO = NO;
				MTL_FAST_MATH = YES;
				SDKROOT = iphoneos;
				SWIFT_COMPILATION_MODE = wholemodule;
				VALIDATE_PRODUCT = YES;
			};
			name = Release;
		};
		3CBC62B72C0981BE00B64F99 /* Debug */ = {
			isa = XCBuildConfiguration;
			buildSettings = {
				ASSETCATALOG_COMPILER_APPICON_NAME = AppIcon;
				ASSETCATALOG_COMPILER_GLOBAL_ACCENT_COLOR_NAME = AccentColor;
				CLANG_ENABLE_MODULES = YES;
				CODE_SIGN_STYLE = Automatic;
				CURRENT_PROJECT_VERSION = 1;
				DEVELOPMENT_TEAM = MAZQ6JDBT4;
				GENERATE_INFOPLIST_FILE = YES;
				HEADER_SEARCH_PATHS = "\"/Users/byeonsang-u/Desktop/ITM/4학년/Information Security/IS_Project_VoteApp/IS_Project_VoteApp/IS_Project_VoteApp/HEAAN/src\"";
				INFOPLIST_FILE = IS_Project_VoteApp/Info.plist;
				INFOPLIST_KEY_UIApplicationSupportsIndirectInputEvents = YES;
				INFOPLIST_KEY_UILaunchStoryboardName = LaunchScreen;
				INFOPLIST_KEY_UISupportedInterfaceOrientations_iPad = "UIInterfaceOrientationPortrait UIInterfaceOrientationPortraitUpsideDown UIInterfaceOrientationLandscapeLeft UIInterfaceOrientationLandscapeRight";
				INFOPLIST_KEY_UISupportedInterfaceOrientations_iPhone = "UIInterfaceOrientationPortrait UIInterfaceOrientationLandscapeLeft UIInterfaceOrientationLandscapeRight";
				IPHONEOS_DEPLOYMENT_TARGET = 16.0;
				LD_RUNPATH_SEARCH_PATHS = (
					"$(inherited)",
					"@executable_path/Frameworks",
				);
				LIBRARY_SEARCH_PATHS = "";
				MARKETING_VERSION = 1.0;
				PRODUCT_BUNDLE_IDENTIFIER = "com.boogios.IS-Project-VoteApp";
				PRODUCT_NAME = "$(TARGET_NAME)";
				SUPPORTED_PLATFORMS = "iphoneos iphonesimulator";
				SUPPORTS_MACCATALYST = NO;
				SUPPORTS_MAC_DESIGNED_FOR_IPHONE_IPAD = NO;
				SUPPORTS_XR_DESIGNED_FOR_IPHONE_IPAD = NO;
				SWIFT_EMIT_LOC_STRINGS = YES;
				SWIFT_OBJC_BRIDGING_HEADER = "IS_Project_VoteApp/IS_Project_VoteApp-Bridging-Header.h";
				SWIFT_OPTIMIZATION_LEVEL = "-Onone";
				SWIFT_VERSION = 5.0;
				TARGETED_DEVICE_FAMILY = 1;
			};
			name = Debug;
		};
		3CBC62B82C0981BE00B64F99 /* Release */ = {
			isa = XCBuildConfiguration;
			buildSettings = {
				ASSETCATALOG_COMPILER_APPICON_NAME = AppIcon;
				ASSETCATALOG_COMPILER_GLOBAL_ACCENT_COLOR_NAME = AccentColor;
				CLANG_ENABLE_MODULES = YES;
				CODE_SIGN_STYLE = Automatic;
				CURRENT_PROJECT_VERSION = 1;
				DEVELOPMENT_TEAM = MAZQ6JDBT4;
				GENERATE_INFOPLIST_FILE = YES;
				HEADER_SEARCH_PATHS = "\"/Users/byeonsang-u/Desktop/ITM/4학년/Information Security/IS_Project_VoteApp/IS_Project_VoteApp/IS_Project_VoteApp/HEAAN/src\"";
				INFOPLIST_FILE = IS_Project_VoteApp/Info.plist;
				INFOPLIST_KEY_UIApplicationSupportsIndirectInputEvents = YES;
				INFOPLIST_KEY_UILaunchStoryboardName = LaunchScreen;
				INFOPLIST_KEY_UISupportedInterfaceOrientations_iPad = "UIInterfaceOrientationPortrait UIInterfaceOrientationPortraitUpsideDown UIInterfaceOrientationLandscapeLeft UIInterfaceOrientationLandscapeRight";
				INFOPLIST_KEY_UISupportedInterfaceOrientations_iPhone = "UIInterfaceOrientationPortrait UIInterfaceOrientationLandscapeLeft UIInterfaceOrientationLandscapeRight";
				IPHONEOS_DEPLOYMENT_TARGET = 16.0;
				LD_RUNPATH_SEARCH_PATHS = (
					"$(inherited)",
					"@executable_path/Frameworks",
				);
				LIBRARY_SEARCH_PATHS = "";
				MARKETING_VERSION = 1.0;
				PRODUCT_BUNDLE_IDENTIFIER = "com.boogios.IS-Project-VoteApp";
				PRODUCT_NAME = "$(TARGET_NAME)";
				SUPPORTED_PLATFORMS = "iphoneos iphonesimulator";
				SUPPORTS_MACCATALYST = NO;
				SUPPORTS_MAC_DESIGNED_FOR_IPHONE_IPAD = NO;
				SUPPORTS_XR_DESIGNED_FOR_IPHONE_IPAD = NO;
				SWIFT_EMIT_LOC_STRINGS = YES;
				SWIFT_OBJC_BRIDGING_HEADER = "IS_Project_VoteApp/IS_Project_VoteApp-Bridging-Header.h";
				SWIFT_VERSION = 5.0;
				TARGETED_DEVICE_FAMILY = 1;
			};
			name = Release;
		};
/* End XCBuildConfiguration section */

/* Begin XCConfigurationList section */
		3CBC629D2C0981BB00B64F99 /* Build configuration list for PBXProject "IS_Project_VoteApp" */ = {
			isa = XCConfigurationList;
			buildConfigurations = (
				3CBC62B42C0981BE00B64F99 /* Debug */,
				3CBC62B52C0981BE00B64F99 /* Release */,
			);
			defaultConfigurationIsVisible = 0;
			defaultConfigurationName = Release;
		};
		3CBC62B62C0981BE00B64F99 /* Build configuration list for PBXNativeTarget "IS_Project_VoteApp" */ = {
			isa = XCConfigurationList;
			buildConfigurations = (
				3CBC62B72C0981BE00B64F99 /* Debug */,
				3CBC62B82C0981BE00B64F99 /* Release */,
			);
			defaultConfigurationIsVisible = 0;
			defaultConfigurationName = Release;
		};
/* End XCConfigurationList section */
	};
	rootObject = 3CBC629A2C0981BB00B64F99 /* Project object */;
}
